// !$*UTF8*$!
{
	archiveVersion = 1;
	classes = {
	};
	objectVersion = 56;
	objects = {

/* Begin PBXBuildFile section */
		1340F8C029F965DA00BE3A77 /* Chair.swift in Sources */ = {isa = PBXBuildFile; fileRef = 1340F8BF29F965DA00BE3A77 /* Chair.swift */; };
		1340F8C329F9663100BE3A77 /* Table.swift in Sources */ = {isa = PBXBuildFile; fileRef = 1340F8C229F9663100BE3A77 /* Table.swift */; };
		1340F8C529F9664000BE3A77 /* Sofa.swift in Sources */ = {isa = PBXBuildFile; fileRef = 1340F8C429F9664000BE3A77 /* Sofa.swift */; };
		1340F8C829F966AD00BE3A77 /* Chair Bedroom.swift in Sources */ = {isa = PBXBuildFile; fileRef = 1340F8C729F966AD00BE3A77 /* Chair Bedroom.swift */; };
		1340F8CA29F966E200BE3A77 /* Coffee table bedroom.swift in Sources */ = {isa = PBXBuildFile; fileRef = 1340F8C929F966E100BE3A77 /* Coffee table bedroom.swift */; };
		1340F8CC29F9676600BE3A77 /* Sofa Bedroom.swift in Sources */ = {isa = PBXBuildFile; fileRef = 1340F8CB29F9676600BE3A77 /* Sofa Bedroom.swift */; };
		1340F8CF29F967C200BE3A77 /* Chair for Kitchen.swift in Sources */ = {isa = PBXBuildFile; fileRef = 1340F8CE29F967C200BE3A77 /* Chair for Kitchen.swift */; };
		1340F8D129F967F900BE3A77 /* Table for Kitchen.swift in Sources */ = {isa = PBXBuildFile; fileRef = 1340F8D029F967F900BE3A77 /* Table for Kitchen.swift */; };
		1340F8D329F9681200BE3A77 /* Sofa for Kitchen.swift in Sources */ = {isa = PBXBuildFile; fileRef = 1340F8D229F9681200BE3A77 /* Sofa for Kitchen.swift */; };
		1340F8D629F9689700BE3A77 /* Abstract Factory.swift in Sources */ = {isa = PBXBuildFile; fileRef = 1340F8D529F9689700BE3A77 /* Abstract Factory.swift */; };
		1340F8D829F9691C00BE3A77 /* BedroomFactory.swift in Sources */ = {isa = PBXBuildFile; fileRef = 1340F8D729F9691C00BE3A77 /* BedroomFactory.swift */; };
		1340F8DA29F9693600BE3A77 /* KitchenFactory.swift in Sources */ = {isa = PBXBuildFile; fileRef = 1340F8D929F9693600BE3A77 /* KitchenFactory.swift */; };
		13996C6E29F961320063B73C /* AppDelegate.swift in Sources */ = {isa = PBXBuildFile; fileRef = 13996C6D29F961320063B73C /* AppDelegate.swift */; };
		13996C7029F961320063B73C /* SceneDelegate.swift in Sources */ = {isa = PBXBuildFile; fileRef = 13996C6F29F961320063B73C /* SceneDelegate.swift */; };
		13996C7229F961320063B73C /* ViewController.swift in Sources */ = {isa = PBXBuildFile; fileRef = 13996C7129F961320063B73C /* ViewController.swift */; };
		13996C7529F961320063B73C /* Main.storyboard in Resources */ = {isa = PBXBuildFile; fileRef = 13996C7329F961320063B73C /* Main.storyboard */; };
		13996C7729F9613A0063B73C /* Assets.xcassets in Resources */ = {isa = PBXBuildFile; fileRef = 13996C7629F9613A0063B73C /* Assets.xcassets */; };
		13996C7A29F9613A0063B73C /* LaunchScreen.storyboard in Resources */ = {isa = PBXBuildFile; fileRef = 13996C7829F9613A0063B73C /* LaunchScreen.storyboard */; };
/* End PBXBuildFile section */

/* Begin PBXFileReference section */
		1340F8BF29F965DA00BE3A77 /* Chair.swift */ = {isa = PBXFileReference; lastKnownFileType = sourcecode.swift; path = Chair.swift; sourceTree = "<group>"; };
		1340F8C229F9663100BE3A77 /* Table.swift */ = {isa = PBXFileReference; lastKnownFileType = sourcecode.swift; path = Table.swift; sourceTree = "<group>"; };
		1340F8C429F9664000BE3A77 /* Sofa.swift */ = {isa = PBXFileReference; lastKnownFileType = sourcecode.swift; path = Sofa.swift; sourceTree = "<group>"; };
		1340F8C729F966AD00BE3A77 /* Chair Bedroom.swift */ = {isa = PBXFileReference; lastKnownFileType = sourcecode.swift; path = "Chair Bedroom.swift"; sourceTree = "<group>"; };
		1340F8C929F966E100BE3A77 /* Coffee table bedroom.swift */ = {isa = PBXFileReference; lastKnownFileType = sourcecode.swift; path = "Coffee table bedroom.swift"; sourceTree = "<group>"; };
		1340F8CB29F9676600BE3A77 /* Sofa Bedroom.swift */ = {isa = PBXFileReference; lastKnownFileType = sourcecode.swift; path = "Sofa Bedroom.swift"; sourceTree = "<group>"; };
		1340F8CE29F967C200BE3A77 /* Chair for Kitchen.swift */ = {isa = PBXFileReference; lastKnownFileType = sourcecode.swift; path = "Chair for Kitchen.swift"; sourceTree = "<group>"; };
		1340F8D029F967F900BE3A77 /* Table for Kitchen.swift */ = {isa = PBXFileReference; lastKnownFileType = sourcecode.swift; path = "Table for Kitchen.swift"; sourceTree = "<group>"; };
		1340F8D229F9681200BE3A77 /* Sofa for Kitchen.swift */ = {isa = PBXFileReference; lastKnownFileType = sourcecode.swift; path = "Sofa for Kitchen.swift"; sourceTree = "<group>"; };
		1340F8D529F9689700BE3A77 /* Abstract Factory.swift */ = {isa = PBXFileReference; lastKnownFileType = sourcecode.swift; path = "Abstract Factory.swift"; sourceTree = "<group>"; };
		1340F8D729F9691C00BE3A77 /* BedroomFactory.swift */ = {isa = PBXFileReference; lastKnownFileType = sourcecode.swift; path = BedroomFactory.swift; sourceTree = "<group>"; };
		1340F8D929F9693600BE3A77 /* KitchenFactory.swift */ = {isa = PBXFileReference; lastKnownFileType = sourcecode.swift; path = KitchenFactory.swift; sourceTree = "<group>"; };
		13996C6A29F961320063B73C /* Abstract Factory.app */ = {isa = PBXFileReference; explicitFileType = wrapper.application; includeInIndex = 0; path = "Abstract Factory.app"; sourceTree = BUILT_PRODUCTS_DIR; };
		13996C6D29F961320063B73C /* AppDelegate.swift */ = {isa = PBXFileReference; lastKnownFileType = sourcecode.swift; path = AppDelegate.swift; sourceTree = "<group>"; };
		13996C6F29F961320063B73C /* SceneDelegate.swift */ = {isa = PBXFileReference; lastKnownFileType = sourcecode.swift; path = SceneDelegate.swift; sourceTree = "<group>"; };
		13996C7129F961320063B73C /* ViewController.swift */ = {isa = PBXFileReference; lastKnownFileType = sourcecode.swift; path = ViewController.swift; sourceTree = "<group>"; };
		13996C7429F961320063B73C /* Base */ = {isa = PBXFileReference; lastKnownFileType = file.storyboard; name = Base; path = Base.lproj/Main.storyboard; sourceTree = "<group>"; };
		13996C7629F9613A0063B73C /* Assets.xcassets */ = {isa = PBXFileReference; lastKnownFileType = folder.assetcatalog; path = Assets.xcassets; sourceTree = "<group>"; };
		13996C7929F9613A0063B73C /* Base */ = {isa = PBXFileReference; lastKnownFileType = file.storyboard; name = Base; path = Base.lproj/LaunchScreen.storyboard; sourceTree = "<group>"; };
		13996C7B29F9613A0063B73C /* Info.plist */ = {isa = PBXFileReference; lastKnownFileType = text.plist.xml; path = Info.plist; sourceTree = "<group>"; };
/* End PBXFileReference section */

/* Begin PBXFrameworksBuildPhase section */
		13996C6729F961320063B73C /* Frameworks */ = {
			isa = PBXFrameworksBuildPhase;
			buildActionMask = 2147483647;
			files = (
			);
			runOnlyForDeploymentPostprocessing = 0;
		};
/* End PBXFrameworksBuildPhase section */

/* Begin PBXGroup section */
		1340F8C129F965E700BE3A77 /* Protocols */ = {
			isa = PBXGroup;
			children = (
				1340F8BF29F965DA00BE3A77 /* Chair.swift */,
				1340F8C229F9663100BE3A77 /* Table.swift */,
				1340F8C429F9664000BE3A77 /* Sofa.swift */,
			);
			path = Protocols;
			sourceTree = "<group>";
		};
		1340F8C629F9667F00BE3A77 /* Bedroom goods */ = {
			isa = PBXGroup;
			children = (
				1340F8C729F966AD00BE3A77 /* Chair Bedroom.swift */,
				1340F8C929F966E100BE3A77 /* Coffee table bedroom.swift */,
				1340F8CB29F9676600BE3A77 /* Sofa Bedroom.swift */,
			);
			name = "Bedroom goods";
			sourceTree = "<group>";
		};
		1340F8CD29F967A300BE3A77 /* Kitchen goods */ = {
			isa = PBXGroup;
			children = (
				1340F8CE29F967C200BE3A77 /* Chair for Kitchen.swift */,
				1340F8D029F967F900BE3A77 /* Table for Kitchen.swift */,
				1340F8D229F9681200BE3A77 /* Sofa for Kitchen.swift */,
			);
			name = "Kitchen goods";
			sourceTree = "<group>";
		};
		1340F8D429F9687D00BE3A77 /* Abstract Factory */ = {
			isa = PBXGroup;
			children = (
				1340F8D529F9689700BE3A77 /* Abstract Factory.swift */,
				1340F8D729F9691C00BE3A77 /* BedroomFactory.swift */,
				1340F8D929F9693600BE3A77 /* KitchenFactory.swift */,
			);
			name = "Abstract Factory";
			sourceTree = "<group>";
		};
		13996C6129F961320063B73C = {
			isa = PBXGroup;
			children = (
				13996C6C29F961320063B73C /* Abstract Factory */,
				13996C6B29F961320063B73C /* Products */,
			);
			sourceTree = "<group>";
		};
		13996C6B29F961320063B73C /* Products */ = {
			isa = PBXGroup;
			children = (
				13996C6A29F961320063B73C /* Abstract Factory.app */,
			);
			name = Products;
			sourceTree = "<group>";
		};
		13996C6C29F961320063B73C /* Abstract Factory */ = {
			isa = PBXGroup;
			children = (
				13996C6D29F961320063B73C /* AppDelegate.swift */,
				13996C6F29F961320063B73C /* SceneDelegate.swift */,
				13996C7129F961320063B73C /* ViewController.swift */,
				1340F8D429F9687D00BE3A77 /* Abstract Factory */,
				1340F8CD29F967A300BE3A77 /* Kitchen goods */,
				1340F8C629F9667F00BE3A77 /* Bedroom goods */,
				1340F8C129F965E700BE3A77 /* Protocols */,
				13996C7329F961320063B73C /* Main.storyboard */,
				13996C7629F9613A0063B73C /* Assets.xcassets */,
				13996C7829F9613A0063B73C /* LaunchScreen.storyboard */,
				13996C7B29F9613A0063B73C /* Info.plist */,
			);
			path = "Abstract Factory";
			sourceTree = "<group>";
		};
/* End PBXGroup section */

/* Begin PBXNativeTarget section */
		13996C6929F961320063B73C /* Abstract Factory */ = {
			isa = PBXNativeTarget;
			buildConfigurationList = 13996C7E29F9613A0063B73C /* Build configuration list for PBXNativeTarget "Abstract Factory" */;
			buildPhases = (
				13996C6629F961320063B73C /* Sources */,
				13996C6729F961320063B73C /* Frameworks */,
				13996C6829F961320063B73C /* Resources */,
			);
			buildRules = (
			);
			dependencies = (
			);
			name = "Abstract Factory";
			productName = "Abstract Factory";
			productReference = 13996C6A29F961320063B73C /* Abstract Factory.app */;
			productType = "com.apple.product-type.application";
		};
/* End PBXNativeTarget section */

/* Begin PBXProject section */
		13996C6229F961320063B73C /* Project object */ = {
			isa = PBXProject;
			attributes = {
				BuildIndependentTargetsInParallel = 1;
				LastSwiftUpdateCheck = 1420;
				LastUpgradeCheck = 1420;
				TargetAttributes = {
					13996C6929F961320063B73C = {
						CreatedOnToolsVersion = 14.2;
					};
				};
			};
			buildConfigurationList = 13996C6529F961320063B73C /* Build configuration list for PBXProject "Abstract Factory" */;
			compatibilityVersion = "Xcode 14.0";
			developmentRegion = en;
			hasScannedForEncodings = 0;
			knownRegions = (
				en,
				Base,
			);
			mainGroup = 13996C6129F961320063B73C;
			productRefGroup = 13996C6B29F961320063B73C /* Products */;
			projectDirPath = "";
			projectRoot = "";
			targets = (
				13996C6929F961320063B73C /* Abstract Factory */,
			);
		};
/* End PBXProject section */

/* Begin PBXResourcesBuildPhase section */
		13996C6829F961320063B73C /* Resources */ = {
			isa = PBXResourcesBuildPhase;
			buildActionMask = 2147483647;
			files = (
				13996C7A29F9613A0063B73C /* LaunchScreen.storyboard in Resources */,
				13996C7729F9613A0063B73C /* Assets.xcassets in Resources */,
				13996C7529F961320063B73C /* Main.storyboard in Resources */,
			);
			runOnlyForDeploymentPostprocessing = 0;
		};
/* End PBXResourcesBuildPhase section */

/* Begin PBXSourcesBuildPhase section */
		13996C6629F961320063B73C /* Sources */ = {
			isa = PBXSourcesBuildPhase;
			buildActionMask = 2147483647;
			files = (
				1340F8C529F9664000BE3A77 /* Sofa.swift in Sources */,
				13996C7229F961320063B73C /* ViewController.swift in Sources */,
				1340F8C329F9663100BE3A77 /* Table.swift in Sources */,
				1340F8D829F9691C00BE3A77 /* BedroomFactory.swift in Sources */,
				1340F8CC29F9676600BE3A77 /* Sofa Bedroom.swift in Sources */,
				1340F8CF29F967C200BE3A77 /* Chair for Kitchen.swift in Sources */,
				13996C6E29F961320063B73C /* AppDelegate.swift in Sources */,
				13996C7029F961320063B73C /* SceneDelegate.swift in Sources */,
				1340F8CA29F966E200BE3A77 /* Coffee table bedroom.swift in Sources */,
				1340F8C029F965DA00BE3A77 /* Chair.swift in Sources */,
				1340F8D129F967F900BE3A77 /* Table for Kitchen.swift in Sources */,
				1340F8D629F9689700BE3A77 /* Abstract Factory.swift in Sources */,
				1340F8DA29F9693600BE3A77 /* KitchenFactory.swift in Sources */,
				1340F8C829F966AD00BE3A77 /* Chair Bedroom.swift in Sources */,
				1340F8D329F9681200BE3A77 /* Sofa for Kitchen.swift in Sources */,
			);
			runOnlyForDeploymentPostprocessing = 0;
		};
/* End PBXSourcesBuildPhase section */

/* Begin PBXVariantGroup section */
		13996C7329F961320063B73C /* Main.storyboard */ = {
			isa = PBXVariantGroup;
			children = (
				13996C7429F961320063B73C /* Base */,
			);
			name = Main.storyboard;
			sourceTree = "<group>";
		};
		13996C7829F9613A0063B73C /* LaunchScreen.storyboard */ = {
			isa = PBXVariantGroup;
			children = (
				13996C7929F9613A0063B73C /* Base */,
			);
			name = LaunchScreen.storyboard;
			sourceTree = "<group>";
		};
/* End PBXVariantGroup section */

/* Begin XCBuildConfiguration section */
		13996C7C29F9613A0063B73C /* Debug */ = {
			isa = XCBuildConfiguration;
			buildSettings = {
				ALWAYS_SEARCH_USER_PATHS = NO;
				CLANG_ANALYZER_NONNULL = YES;
				CLANG_ANALYZER_NUMBER_OBJECT_CONVERSION = YES_AGGRESSIVE;
				CLANG_CXX_LANGUAGE_STANDARD = "gnu++20";
				CLANG_ENABLE_MODULES = YES;
				CLANG_ENABLE_OBJC_ARC = YES;
				CLANG_ENABLE_OBJC_WEAK = YES;
				CLANG_WARN_BLOCK_CAPTURE_AUTORELEASING = YES;
				CLANG_WARN_BOOL_CONVERSION = YES;
				CLANG_WARN_COMMA = YES;
				CLANG_WARN_CONSTANT_CONVERSION = YES;
				CLANG_WARN_DEPRECATED_OBJC_IMPLEMENTATIONS = YES;
				CLANG_WARN_DIRECT_OBJC_ISA_USAGE = YES_ERROR;
				CLANG_WARN_DOCUMENTATION_COMMENTS = YES;
				CLANG_WARN_EMPTY_BODY = YES;
				CLANG_WARN_ENUM_CONVERSION = YES;
				CLANG_WARN_INFINITE_RECURSION = YES;
				CLANG_WARN_INT_CONVERSION = YES;
				CLANG_WARN_NON_LITERAL_NULL_CONVERSION = YES;
				CLANG_WARN_OBJC_IMPLICIT_RETAIN_SELF = YES;
				CLANG_WARN_OBJC_LITERAL_CONVERSION = YES;
				CLANG_WARN_OBJC_ROOT_CLASS = YES_ERROR;
				CLANG_WARN_QUOTED_INCLUDE_IN_FRAMEWORK_HEADER = YES;
				CLANG_WARN_RANGE_LOOP_ANALYSIS = YES;
				CLANG_WARN_STRICT_PROTOTYPES = YES;
				CLANG_WARN_SUSPICIOUS_MOVE = YES;
				CLANG_WARN_UNGUARDED_AVAILABILITY = YES_AGGRESSIVE;
				CLANG_WARN_UNREACHABLE_CODE = YES;
				CLANG_WARN__DUPLICATE_METHOD_MATCH = YES;
				COPY_PHASE_STRIP = NO;
				DEBUG_INFORMATION_FORMAT = dwarf;
				ENABLE_STRICT_OBJC_MSGSEND = YES;
				ENABLE_TESTABILITY = YES;
				GCC_C_LANGUAGE_STANDARD = gnu11;
				GCC_DYNAMIC_NO_PIC = NO;
				GCC_NO_COMMON_BLOCKS = YES;
				GCC_OPTIMIZATION_LEVEL = 0;
				GCC_PREPROCESSOR_DEFINITIONS = (
					"DEBUG=1",
					"$(inherited)",
				);
				GCC_WARN_64_TO_32_BIT_CONVERSION = YES;
				GCC_WARN_ABOUT_RETURN_TYPE = YES_ERROR;
				GCC_WARN_UNDECLARED_SELECTOR = YES;
				GCC_WARN_UNINITIALIZED_AUTOS = YES_AGGRESSIVE;
				GCC_WARN_UNUSED_FUNCTION = YES;
				GCC_WARN_UNUSED_VARIABLE = YES;
				IPHONEOS_DEPLOYMENT_TARGET = 16.2;
				MTL_ENABLE_DEBUG_INFO = INCLUDE_SOURCE;
				MTL_FAST_MATH = YES;
				ONLY_ACTIVE_ARCH = YES;
				SDKROOT = iphoneos;
				SWIFT_ACTIVE_COMPILATION_CONDITIONS = DEBUG;
				SWIFT_OPTIMIZATION_LEVEL = "-Onone";
			};
			name = Debug;
		};
		13996C7D29F9613A0063B73C /* Release */ = {
			isa = XCBuildConfiguration;
			buildSettings = {
				ALWAYS_SEARCH_USER_PATHS = NO;
				CLANG_ANALYZER_NONNULL = YES;
				CLANG_ANALYZER_NUMBER_OBJECT_CONVERSION = YES_AGGRESSIVE;
				CLANG_CXX_LANGUAGE_STANDARD = "gnu++20";
				CLANG_ENABLE_MODULES = YES;
				CLANG_ENABLE_OBJC_ARC = YES;
				CLANG_ENABLE_OBJC_WEAK = YES;
				CLANG_WARN_BLOCK_CAPTURE_AUTORELEASING = YES;
				CLANG_WARN_BOOL_CONVERSION = YES;
				CLANG_WARN_COMMA = YES;
				CLANG_WARN_CONSTANT_CONVERSION = YES;
				CLANG_WARN_DEPRECATED_OBJC_IMPLEMENTATIONS = YES;
				CLANG_WARN_DIRECT_OBJC_ISA_USAGE = YES_ERROR;
				CLANG_WARN_DOCUMENTATION_COMMENTS = YES;
				CLANG_WARN_EMPTY_BODY = YES;
				CLANG_WARN_ENUM_CONVERSION = YES;
				CLANG_WARN_INFINITE_RECURSION = YES;
				CLANG_WARN_INT_CONVERSION = YES;
				CLANG_WARN_NON_LITERAL_NULL_CONVERSION = YES;
				CLANG_WARN_OBJC_IMPLICIT_RETAIN_SELF = YES;
				CLANG_WARN_OBJC_LITERAL_CONVERSION = YES;
				CLANG_WARN_OBJC_ROOT_CLASS = YES_ERROR;
				CLANG_WARN_QUOTED_INCLUDE_IN_FRAMEWORK_HEADER = YES;
				CLANG_WARN_RANGE_LOOP_ANALYSIS = YES;
				CLANG_WARN_STRICT_PROTOTYPES = YES;
				CLANG_WARN_SUSPICIOUS_MOVE = YES;
				CLANG_WARN_UNGUARDED_AVAILABILITY = YES_AGGRESSIVE;
				CLANG_WARN_UNREACHABLE_CODE = YES;
				CLANG_WARN__DUPLICATE_METHOD_MATCH = YES;
				COPY_PHASE_STRIP = NO;
				DEBUG_INFORMATION_FORMAT = "dwarf-with-dsym";
				ENABLE_NS_ASSERTIONS = NO;
				ENABLE_STRICT_OBJC_MSGSEND = YES;
				GCC_C_LANGUAGE_STANDARD = gnu11;
				GCC_NO_COMMON_BLOCKS = YES;
				GCC_WARN_64_TO_32_BIT_CONVERSION = YES;
				GCC_WARN_ABOUT_RETURN_TYPE = YES_ERROR;
				GCC_WARN_UNDECLARED_SELECTOR = YES;
				GCC_WARN_UNINITIALIZED_AUTOS = YES_AGGRESSIVE;
				GCC_WARN_UNUSED_FUNCTION = YES;
				GCC_WARN_UNUSED_VARIABLE = YES;
				IPHONEOS_DEPLOYMENT_TARGET = 16.2;
				MTL_ENABLE_DEBUG_INFO = NO;
				MTL_FAST_MATH = YES;
				SDKROOT = iphoneos;
				SWIFT_COMPILATION_MODE = wholemodule;
				SWIFT_OPTIMIZATION_LEVEL = "-O";
				VALIDATE_PRODUCT = YES;
			};
			name = Release;
		};
		13996C7F29F9613A0063B73C /* Debug */ = {
			isa = XCBuildConfiguration;
			buildSettings = {
				ASSETCATALOG_COMPILER_APPICON_NAME = AppIcon;
				ASSETCATALOG_COMPILER_GLOBAL_ACCENT_COLOR_NAME = AccentColor;
				CODE_SIGN_STYLE = Automatic;
				CURRENT_PROJECT_VERSION = 1;
				GENERATE_INFOPLIST_FILE = YES;
				INFOPLIST_FILE = "Abstract Factory/Info.plist";
				INFOPLIST_KEY_UIApplicationSupportsIndirectInputEvents = YES;
				INFOPLIST_KEY_UILaunchStoryboardName = LaunchScreen;
				INFOPLIST_KEY_UIMainStoryboardFile = Main;
				INFOPLIST_KEY_UISupportedInterfaceOrientations_iPad = "UIInterfaceOrientationPortrait UIInterfaceOrientationPortraitUpsideDown UIInterfaceOrientationLandscapeLeft UIInterfaceOrientationLandscapeRight";
				INFOPLIST_KEY_UISupportedInterfaceOrientations_iPhone = "UIInterfaceOrientationPortrait UIInterfaceOrientationLandscapeLeft UIInterfaceOrientationLandscapeRight";
				LD_RUNPATH_SEARCH_PATHS = (
					"$(inherited)",
					"@executable_path/Frameworks",
				);
				MARKETING_VERSION = 1.0;
				PRODUCT_BUNDLE_IDENTIFIER = "hm.Abstract-Factory";
				PRODUCT_NAME = "$(TARGET_NAME)";
				SWIFT_EMIT_LOC_STRINGS = YES;
				SWIFT_VERSION = 5.0;
				TARGETED_DEVICE_FAMILY = "1,2";
			};
			name = Debug;
		};
		13996C8029F9613A0063B73C /* Release */ = {
			isa = XCBuildConfiguration;
			buildSettings = {
				ASSETCATALOG_COMPILER_APPICON_NAME = AppIcon;
				ASSETCATALOG_COMPILER_GLOBAL_ACCENT_COLOR_NAME = AccentColor;
				CODE_SIGN_STYLE = Automatic;
				CURRENT_PROJECT_VERSION = 1;
				GENERATE_INFOPLIST_FILE = YES;
				INFOPLIST_FILE = "Abstract Factory/Info.plist";
				INFOPLIST_KEY_UIApplicationSupportsIndirectInputEvents = YES;
				INFOPLIST_KEY_UILaunchStoryboardName = LaunchScreen;
				INFOPLIST_KEY_UIMainStoryboardFile = Main;
				INFOPLIST_KEY_UISupportedInterfaceOrientations_iPad = "UIInterfaceOrientationPortrait UIInterfaceOrientationPortraitUpsideDown UIInterfaceOrientationLandscapeLeft UIInterfaceOrientationLandscapeRight";
				INFOPLIST_KEY_UISupportedInterfaceOrientations_iPhone = "UIInterfaceOrientationPortrait UIInterfaceOrientationLandscapeLeft UIInterfaceOrientationLandscapeRight";
				LD_RUNPATH_SEARCH_PATHS = (
					"$(inherited)",
					"@executable_path/Frameworks",
				);
				MARKETING_VERSION = 1.0;
				PRODUCT_BUNDLE_IDENTIFIER = "hm.Abstract-Factory";
				PRODUCT_NAME = "$(TARGET_NAME)";
				SWIFT_EMIT_LOC_STRINGS = YES;
				SWIFT_VERSION = 5.0;
				TARGETED_DEVICE_FAMILY = "1,2";
			};
			name = Release;
		};
/* End XCBuildConfiguration section */

/* Begin XCConfigurationList section */
		13996C6529F961320063B73C /* Build configuration list for PBXProject "Abstract Factory" */ = {
			isa = XCConfigurationList;
			buildConfigurations = (
				13996C7C29F9613A0063B73C /* Debug */,
				13996C7D29F9613A0063B73C /* Release */,
			);
			defaultConfigurationIsVisible = 0;
			defaultConfigurationName = Release;
		};
		13996C7E29F9613A0063B73C /* Build configuration list for PBXNativeTarget "Abstract Factory" */ = {
			isa = XCConfigurationList;
			buildConfigurations = (
				13996C7F29F9613A0063B73C /* Debug */,
				13996C8029F9613A0063B73C /* Release */,
			);
			defaultConfigurationIsVisible = 0;
			defaultConfigurationName = Release;
		};
/* End XCConfigurationList section */
	};
	rootObject = 13996C6229F961320063B73C /* Project object */;
}
